# THIS IS AN AUTOGENERATED FILE. DO NOT EDIT THIS FILE DIRECTLY.
# yarn lockfile v1


"@babel/helper-annotate-as-pure@^7.10.4", "@babel/helper-annotate-as-pure@^7.12.10":
  version "7.12.10"
  resolved "https://registry.yarnpkg.com/@babel/helper-annotate-as-pure/-/helper-annotate-as-pure-7.12.10.tgz#54ab9b000e60a93644ce17b3f37d313aaf1d115d"
  integrity sha512-XplmVbC1n+KY6jL8/fgLVXXUauDIB+lD5+GsQEh6F6GBF1dq1qy4DP4yXWzDKcoqXB3X58t61e85Fitoww4JVQ==
  dependencies:
    "@babel/types" "^7.12.10"

"@babel/helper-module-imports@^7.12.5":
  version "7.12.5"
  resolved "https://registry.yarnpkg.com/@babel/helper-module-imports/-/helper-module-imports-7.12.5.tgz#1bfc0229f794988f76ed0a4d4e90860850b54dfb"
  integrity sha512-SR713Ogqg6++uexFRORf/+nPXMmWIn80TALu0uaFb+iQIUoR7bOC7zBWyzBs5b3tBBJXuyD0cRu1F15GyzjOWA==
  dependencies:
    "@babel/types" "^7.12.5"

"@babel/helper-plugin-utils@^7.10.4":
  version "7.10.4"
  resolved "https://registry.yarnpkg.com/@babel/helper-plugin-utils/-/helper-plugin-utils-7.10.4.tgz#2f75a831269d4f677de49986dff59927533cf375"
  integrity sha512-O4KCvQA6lLiMU9l2eawBPMf1xPP8xPfB3iEQw150hOVTqj/rfXz0ThTb4HEzqQfs2Bmo5Ay8BzxfzVtBrr9dVg==

"@babel/helper-validator-identifier@^7.12.11":
  version "7.12.11"
  resolved "https://registry.yarnpkg.com/@babel/helper-validator-identifier/-/helper-validator-identifier-7.12.11.tgz#c9a1f021917dcb5ccf0d4e453e399022981fc9ed"
  integrity sha512-np/lG3uARFybkoHokJUmf1QfEvRVCPbmQeUQpKow5cQ3xWrV9i3rUHodKDJPQfTVX61qKi+UdYk8kik84n7XOw==

"@babel/plugin-syntax-jsx@^7.12.1":
  version "7.12.1"
  resolved "https://registry.yarnpkg.com/@babel/plugin-syntax-jsx/-/plugin-syntax-jsx-7.12.1.tgz#9d9d357cc818aa7ae7935917c1257f67677a0926"
  integrity sha512-1yRi7yAtB0ETgxdY9ti/p2TivUxJkTdhu/ZbF9MshVGqOx1TdB3b7xCXs49Fupgg50N45KcAsRP/ZqWjs9SRjg==
  dependencies:
    "@babel/helper-plugin-utils" "^7.10.4"

"@babel/plugin-transform-react-display-name@^7.12.1":
  version "7.12.1"
  resolved "https://registry.yarnpkg.com/@babel/plugin-transform-react-display-name/-/plugin-transform-react-display-name-7.12.1.tgz#1cbcd0c3b1d6648c55374a22fc9b6b7e5341c00d"
  integrity sha512-cAzB+UzBIrekfYxyLlFqf/OagTvHLcVBb5vpouzkYkBclRPraiygVnafvAoipErZLI8ANv8Ecn6E/m5qPXD26w==
  dependencies:
    "@babel/helper-plugin-utils" "^7.10.4"

"@babel/plugin-transform-react-jsx-development@^7.12.7":
  version "7.12.12"
  resolved "https://registry.yarnpkg.com/@babel/plugin-transform-react-jsx-development/-/plugin-transform-react-jsx-development-7.12.12.tgz#bccca33108fe99d95d7f9e82046bfe762e71f4e7"
  integrity sha512-i1AxnKxHeMxUaWVXQOSIco4tvVvvCxMSfeBMnMM06mpaJt3g+MpxYQQrDfojUQldP1xxraPSJYSMEljoWM/dCg==
  dependencies:
    "@babel/plugin-transform-react-jsx" "^7.12.12"

"@babel/plugin-transform-react-jsx@^7.12.10", "@babel/plugin-transform-react-jsx@^7.12.12":
  version "7.12.12"
  resolved "https://registry.yarnpkg.com/@babel/plugin-transform-react-jsx/-/plugin-transform-react-jsx-7.12.12.tgz#b0da51ffe5f34b9a900e9f1f5fb814f9e512d25e"
  integrity sha512-JDWGuzGNWscYcq8oJVCtSE61a5+XAOos+V0HrxnDieUus4UMnBEosDnY1VJqU5iZ4pA04QY7l0+JvHL1hZEfsw==
  dependencies:
    "@babel/helper-annotate-as-pure" "^7.12.10"
    "@babel/helper-module-imports" "^7.12.5"
    "@babel/helper-plugin-utils" "^7.10.4"
    "@babel/plugin-syntax-jsx" "^7.12.1"
    "@babel/types" "^7.12.12"

"@babel/plugin-transform-react-pure-annotations@^7.12.1":
  version "7.12.1"
  resolved "https://registry.yarnpkg.com/@babel/plugin-transform-react-pure-annotations/-/plugin-transform-react-pure-annotations-7.12.1.tgz#05d46f0ab4d1339ac59adf20a1462c91b37a1a42"
  integrity sha512-RqeaHiwZtphSIUZ5I85PEH19LOSzxfuEazoY7/pWASCAIBuATQzpSVD+eT6MebeeZT2F4eSL0u4vw6n4Nm0Mjg==
  dependencies:
    "@babel/helper-annotate-as-pure" "^7.10.4"
    "@babel/helper-plugin-utils" "^7.10.4"

"@babel/preset-react@^7.12.10":
  version "7.12.10"
  resolved "https://registry.yarnpkg.com/@babel/preset-react/-/preset-react-7.12.10.tgz#4fed65f296cbb0f5fb09de6be8cddc85cc909be9"
  integrity sha512-vtQNjaHRl4DUpp+t+g4wvTHsLQuye+n0H/wsXIZRn69oz/fvNC7gQ4IK73zGJBaxvHoxElDvnYCthMcT7uzFoQ==
  dependencies:
    "@babel/helper-plugin-utils" "^7.10.4"
    "@babel/plugin-transform-react-display-name" "^7.12.1"
    "@babel/plugin-transform-react-jsx" "^7.12.10"
    "@babel/plugin-transform-react-jsx-development" "^7.12.7"
    "@babel/plugin-transform-react-pure-annotations" "^7.12.1"

"@babel/types@^7.12.10", "@babel/types@^7.12.12", "@babel/types@^7.12.5":
  version "7.12.12"
  resolved "https://registry.yarnpkg.com/@babel/types/-/types-7.12.12.tgz#4608a6ec313abbd87afa55004d373ad04a96c299"
  integrity sha512-lnIX7piTxOH22xE7fDXDbSHg9MM1/6ORnafpJmov5rs0kX5g4BZxeXNJLXsMRiO0U5Rb8/FvMS6xlTnTHvxonQ==
  dependencies:
    "@babel/helper-validator-identifier" "^7.12.11"
    lodash "^4.17.19"
    to-fast-properties "^2.0.0"

"js-tokens@^3.0.0 || ^4.0.0":
  version "4.0.0"
  resolved "https://registry.yarnpkg.com/js-tokens/-/js-tokens-4.0.0.tgz#19203fb59991df98e3a287050d4647cdeaf32499"
  integrity sha512-RdJUflcE3cUzKiMqQgsCu06FPu9UdIJO0beYbPhHN4k6apgJtifcoCtT9bcxOpYBtpD2kCM6Sbzg4CausW/PKQ==

lodash@^4.17.19:
  version "4.17.20"
  resolved "https://registry.yarnpkg.com/lodash/-/lodash-4.17.20.tgz#b44a9b6297bcb698f1c51a3545a2b3b368d59c52"
  integrity sha512-PlhdFcillOINfeV7Ni6oF1TAEayyZBoZ8bcshTHqOYJYlrqzRK5hagpagky5o4HfCzzd1TRkXPMFq6cKk9rGmA==

loose-envify@^1.1.0, loose-envify@^1.4.0:
  version "1.4.0"
  resolved "https://registry.yarnpkg.com/loose-envify/-/loose-envify-1.4.0.tgz#71ee51fa7be4caec1a63839f7e682d8132d30caf"
  integrity sha512-lyuxPGr/Wfhrlem2CL/UcnUc1zcqKAImBDzukY7Y5F/yQiNdko6+fRLevlw1HgMySw7f611UIY408EtxRSoK3Q==
  dependencies:
    js-tokens "^3.0.0 || ^4.0.0"

object-assign@^4.1.1:
  version "4.1.1"
  resolved "https://registry.yarnpkg.com/object-assign/-/object-assign-4.1.1.tgz#2109adc7965887cfc05cbbd442cac8bfbb360863"
  integrity sha1-IQmtx5ZYh8/AXLvUQsrIv7s2CGM=

prop-types@^15.7.2:
  version "15.7.2"
  resolved "https://registry.yarnpkg.com/prop-types/-/prop-types-15.7.2.tgz#52c41e75b8c87e72b9d9360e0206b99dcbffa6c5"
  integrity sha512-8QQikdH7//R2vurIJSutZ1smHYTcLpRWEOlHnzcWHmBYrOGUysKwSsrC89BCiFj3CbrfJ/nXFdJepOVrY1GCHQ==
  dependencies:
    loose-envify "^1.4.0"
    object-assign "^4.1.1"
    react-is "^16.8.1"

react-dom@^17.0.1:
  version "17.0.1"
  resolved "https://registry.yarnpkg.com/react-dom/-/react-dom-17.0.1.tgz#1de2560474ec9f0e334285662ede52dbc5426fc6"
  integrity sha512-6eV150oJZ9U2t9svnsspTMrWNyHc6chX0KzDeAOXftRa8bNeOKTTfCJ7KorIwenkHd2xqVTBTCZd79yk/lx/Ug==
  dependencies:
    loose-envify "^1.1.0"
    object-assign "^4.1.1"
    scheduler "^0.20.1"

react-is@^16.8.1:
  version "16.13.1"
  resolved "https://registry.yarnpkg.com/react-is/-/react-is-16.13.1.tgz#789729a4dc36de2999dc156dd6c1d9c18cea56a4"
  integrity sha512-24e6ynE2H+OKt4kqsOvNd8kBpV65zoxbA4BVsEOB3ARVWQki/DHzaUoC5KuON/BiccDaCCTZBuOcfZs70kR8bQ==

react@^17.0.1:
  version "17.0.1"
  resolved "https://registry.yarnpkg.com/react/-/react-17.0.1.tgz#6e0600416bd57574e3f86d92edba3d9008726127"
  integrity sha512-lG9c9UuMHdcAexXtigOZLX8exLWkW0Ku29qPRU8uhF2R9BN96dLCt0psvzPLlHc5OWkgymP3qwTRgbnw5BKx3w==
  dependencies:
    loose-envify "^1.1.0"
    object-assign "^4.1.1"

scheduler@^0.20.1:
  version "0.20.1"
  resolved "https://registry.yarnpkg.com/scheduler/-/scheduler-0.20.1.tgz#da0b907e24026b01181ecbc75efdc7f27b5a000c"
  integrity sha512-LKTe+2xNJBNxu/QhHvDR14wUXHRQbVY5ZOYpOGWRzhydZUqrLb2JBvLPY7cAqFmqrWuDED0Mjk7013SZiOz6Bw==
  dependencies:
    loose-envify "^1.1.0"
    object-assign "^4.1.1"

to-fast-properties@^2.0.0:
  version "2.0.0"
  resolved "https://registry.yarnpkg.com/to-fast-properties/-/to-fast-properties-2.0.0.tgz#dc5e698cbd079265bc73e0377681a4e4e83f616e"
  integrity sha1-3F5pjL0HkmW8c+A3doGk5Og/YW4=
